// !$*UTF8*$!
{
	archiveVersion = 1;
	classes = {
	};
	objectVersion = 46;
	objects = {

/* Begin PBXBuildFile section */
		6D31FD3F1E7310C00038A7CE /* AppDelegate.swift in Sources */ = {isa = PBXBuildFile; fileRef = 6D31FD3E1E7310C00038A7CE /* AppDelegate.swift */; };
		6D31FD411E7310C00038A7CE /* ViewController.swift in Sources */ = {isa = PBXBuildFile; fileRef = 6D31FD401E7310C00038A7CE /* ViewController.swift */; };
		6D31FD441E7310C00038A7CE /* Main.storyboard in Resources */ = {isa = PBXBuildFile; fileRef = 6D31FD421E7310C00038A7CE /* Main.storyboard */; };
		6D31FD461E7310C00038A7CE /* Assets.xcassets in Resources */ = {isa = PBXBuildFile; fileRef = 6D31FD451E7310C00038A7CE /* Assets.xcassets */; };
		6D31FD491E7310C00038A7CE /* LaunchScreen.storyboard in Resources */ = {isa = PBXBuildFile; fileRef = 6D31FD471E7310C00038A7CE /* LaunchScreen.storyboard */; };
		6D31FD541E7310C10038A7CE /* WebHooksTests.swift in Sources */ = {isa = PBXBuildFile; fileRef = 6D31FD531E7310C10038A7CE /* WebHooksTests.swift */; };
/* End PBXBuildFile section */

/* Begin PBXContainerItemProxy section */
		6D31FD501E7310C10038A7CE /* PBXContainerItemProxy */ = {
			isa = PBXContainerItemProxy;
			containerPortal = 6D31FD331E7310C00038A7CE /* Project object */;
			proxyType = 1;
			remoteGlobalIDString = 6D31FD3A1E7310C00038A7CE;
			remoteInfo = WebHooks;
		};
/* End PBXContainerItemProxy section */

/* Begin PBXFileReference section */
		6D31FD3B1E7310C00038A7CE /* WebHooks.app */ = {isa = PBXFileReference; explicitFileType = wrapper.application; includeInIndex = 0; path = WebHooks.app; sourceTree = BUILT_PRODUCTS_DIR; };
		6D31FD3E1E7310C00038A7CE /* AppDelegate.swift */ = {isa = PBXFileReference; lastKnownFileType = sourcecode.swift; path = AppDelegate.swift; sourceTree = "<group>"; };
		6D31FD401E7310C00038A7CE /* ViewController.swift */ = {isa = PBXFileReference; lastKnownFileType = sourcecode.swift; path = ViewController.swift; sourceTree = "<group>"; };
		6D31FD431E7310C00038A7CE /* Base */ = {isa = PBXFileReference; lastKnownFileType = file.storyboard; name = Base; path = Base.lproj/Main.storyboard; sourceTree = "<group>"; };
		6D31FD451E7310C00038A7CE /* Assets.xcassets */ = {isa = PBXFileReference; lastKnownFileType = folder.assetcatalog; path = Assets.xcassets; sourceTree = "<group>"; };
		6D31FD481E7310C00038A7CE /* Base */ = {isa = PBXFileReference; lastKnownFileType = file.storyboard; name = Base; path = Base.lproj/LaunchScreen.storyboard; sourceTree = "<group>"; };
		6D31FD4A1E7310C00038A7CE /* Info.plist */ = {isa = PBXFileReference; lastKnownFileType = text.plist.xml; path = Info.plist; sourceTree = "<group>"; };
		6D31FD4F1E7310C10038A7CE /* WebHooksTests.xctest */ = {isa = PBXFileReference; explicitFileType = wrapper.cfbundle; includeInIndex = 0; path = WebHooksTests.xctest; sourceTree = BUILT_PRODUCTS_DIR; };
		6D31FD531E7310C10038A7CE /* WebHooksTests.swift */ = {isa = PBXFileReference; lastKnownFileType = sourcecode.swift; path = WebHooksTests.swift; sourceTree = "<group>"; };
		6D31FD551E7310C10038A7CE /* Info.plist */ = {isa = PBXFileReference; lastKnownFileType = text.plist.xml; path = Info.plist; sourceTree = "<group>"; };
/* End PBXFileReference section */

/* Begin PBXFrameworksBuildPhase section */
		6D31FD381E7310C00038A7CE /* Frameworks */ = {
			isa = PBXFrameworksBuildPhase;
			buildActionMask = 2147483647;
			files = (
			);
			runOnlyForDeploymentPostprocessing = 0;
		};
		6D31FD4C1E7310C10038A7CE /* Frameworks */ = {
			isa = PBXFrameworksBuildPhase;
			buildActionMask = 2147483647;
			files = (
			);
			runOnlyForDeploymentPostprocessing = 0;
		};
/* End PBXFrameworksBuildPhase section */

/* Begin PBXGroup section */
		6D31FD321E7310C00038A7CE = {
			isa = PBXGroup;
			children = (
				6D31FD3D1E7310C00038A7CE /* WebHooks */,
				6D31FD521E7310C10038A7CE /* WebHooksTests */,
				6D31FD3C1E7310C00038A7CE /* Products */,
			);
			sourceTree = "<group>";
		};
		6D31FD3C1E7310C00038A7CE /* Products */ = {
			isa = PBXGroup;
			children = (
				6D31FD3B1E7310C00038A7CE /* WebHooks.app */,
				6D31FD4F1E7310C10038A7CE /* WebHooksTests.xctest */,
			);
			name = Products;
			sourceTree = "<group>";
		};
		6D31FD3D1E7310C00038A7CE /* WebHooks */ = {
			isa = PBXGroup;
			children = (
				6D31FD3E1E7310C00038A7CE /* AppDelegate.swift */,
				6D31FD401E7310C00038A7CE /* ViewController.swift */,
				6D31FD421E7310C00038A7CE /* Main.storyboard */,
				6D31FD451E7310C00038A7CE /* Assets.xcassets */,
				6D31FD471E7310C00038A7CE /* LaunchScreen.storyboard */,
				6D31FD4A1E7310C00038A7CE /* Info.plist */,
			);
			path = WebHooks;
			sourceTree = "<group>";
		};
		6D31FD521E7310C10038A7CE /* WebHooksTests */ = {
			isa = PBXGroup;
			children = (
				6D31FD531E7310C10038A7CE /* WebHooksTests.swift */,
				6D31FD551E7310C10038A7CE /* Info.plist */,
			);
			path = WebHooksTests;
			sourceTree = "<group>";
		};
/* End PBXGroup section */

/* Begin PBXNativeTarget section */
		6D31FD3A1E7310C00038A7CE /* WebHooks */ = {
			isa = PBXNativeTarget;
			buildConfigurationList = 6D31FD581E7310C10038A7CE /* Build configuration list for PBXNativeTarget "WebHooks" */;
			buildPhases = (
				6D31FD371E7310C00038A7CE /* Sources */,
				6D31FD381E7310C00038A7CE /* Frameworks */,
				6D31FD391E7310C00038A7CE /* Resources */,
			);
			buildRules = (
			);
			dependencies = (
			);
			name = WebHooks;
			productName = WebHooks;
			productReference = 6D31FD3B1E7310C00038A7CE /* WebHooks.app */;
			productType = "com.apple.product-type.application";
		};
		6D31FD4E1E7310C10038A7CE /* WebHooksTests */ = {
			isa = PBXNativeTarget;
			buildConfigurationList = 6D31FD5B1E7310C10038A7CE /* Build configuration list for PBXNativeTarget "WebHooksTests" */;
			buildPhases = (
				6D31FD4B1E7310C10038A7CE /* Sources */,
				6D31FD4C1E7310C10038A7CE /* Frameworks */,
				6D31FD4D1E7310C10038A7CE /* Resources */,
			);
			buildRules = (
			);
			dependencies = (
				6D31FD511E7310C10038A7CE /* PBXTargetDependency */,
			);
			name = WebHooksTests;
			productName = WebHooksTests;
			productReference = 6D31FD4F1E7310C10038A7CE /* WebHooksTests.xctest */;
			productType = "com.apple.product-type.bundle.unit-test";
		};
/* End PBXNativeTarget section */

/* Begin PBXProject section */
		6D31FD331E7310C00038A7CE /* Project object */ = {
			isa = PBXProject;
			attributes = {
				LastSwiftUpdateCheck = 0820;
				LastUpgradeCheck = 0820;
				ORGANIZATIONNAME = "Collective Returns, INC";
				TargetAttributes = {
					6D31FD3A1E7310C00038A7CE = {
						CreatedOnToolsVersion = 8.2.1;
						DevelopmentTeam = 3YTGRA6MV9;
						ProvisioningStyle = Automatic;
					};
					6D31FD4E1E7310C10038A7CE = {
						CreatedOnToolsVersion = 8.2.1;
						DevelopmentTeam = 3YTGRA6MV9;
						ProvisioningStyle = Automatic;
						TestTargetID = 6D31FD3A1E7310C00038A7CE;
					};
				};
			};
			buildConfigurationList = 6D31FD361E7310C00038A7CE /* Build configuration list for PBXProject "WebHooks" */;
			compatibilityVersion = "Xcode 3.2";
			developmentRegion = English;
			hasScannedForEncodings = 0;
			knownRegions = (
				en,
				Base,
			);
			mainGroup = 6D31FD321E7310C00038A7CE;
			productRefGroup = 6D31FD3C1E7310C00038A7CE /* Products */;
			projectDirPath = "";
			projectRoot = "";
			targets = (
				6D31FD3A1E7310C00038A7CE /* WebHooks */,
				6D31FD4E1E7310C10038A7CE /* WebHooksTests */,
			);
		};
/* End PBXProject section */

/* Begin PBXResourcesBuildPhase section */
		6D31FD391E7310C00038A7CE /* Resources */ = {
			isa = PBXResourcesBuildPhase;
			buildActionMask = 2147483647;
			files = (
				6D31FD491E7310C00038A7CE /* LaunchScreen.storyboard in Resources */,
				6D31FD461E7310C00038A7CE /* Assets.xcassets in Resources */,
				6D31FD441E7310C00038A7CE /* Main.storyboard in Resources */,
			);
			runOnlyForDeploymentPostprocessing = 0;
		};
		6D31FD4D1E7310C10038A7CE /* Resources */ = {
			isa = PBXResourcesBuildPhase;
			buildActionMask = 2147483647;
			files = (
			);
			runOnlyForDeploymentPostprocessing = 0;
		};
/* End PBXResourcesBuildPhase section */

/* Begin PBXSourcesBuildPhase section */
		6D31FD371E7310C00038A7CE /* Sources */ = {
			isa = PBXSourcesBuildPhase;
			buildActionMask = 2147483647;
			files = (
				6D31FD411E7310C00038A7CE /* ViewController.swift in Sources */,
				6D31FD3F1E7310C00038A7CE /* AppDelegate.swift in Sources */,
			);
			runOnlyForDeploymentPostprocessing = 0;
		};
		6D31FD4B1E7310C10038A7CE /* Sources */ = {
			isa = PBXSourcesBuildPhase;
			buildActionMask = 2147483647;
			files = (
				6D31FD541E7310C10038A7CE /* WebHooksTests.swift in Sources */,
			);
			runOnlyForDeploymentPostprocessing = 0;
		};
/* End PBXSourcesBuildPhase section */

/* Begin PBXTargetDependency section */
		6D31FD511E7310C10038A7CE /* PBXTargetDependency */ = {
			isa = PBXTargetDependency;
			target = 6D31FD3A1E7310C00038A7CE /* WebHooks */;
			targetProxy = 6D31FD501E7310C10038A7CE /* PBXContainerItemProxy */;
		};
/* End PBXTargetDependency section */

/* Begin PBXVariantGroup section */
		6D31FD421E7310C00038A7CE /* Main.storyboard */ = {
			isa = PBXVariantGroup;
			children = (
				6D31FD431E7310C00038A7CE /* Base */,
			);
			name = Main.storyboard;
			sourceTree = "<group>";
		};
		6D31FD471E7310C00038A7CE /* LaunchScreen.storyboard */ = {
			isa = PBXVariantGroup;
			children = (
				6D31FD481E7310C00038A7CE /* Base */,
			);
			name = LaunchScreen.storyboard;
			sourceTree = "<group>";
		};
/* End PBXVariantGroup section */

/* Begin XCBuildConfiguration section */
		6D31FD561E7310C10038A7CE /* Debug */ = {
			isa = XCBuildConfiguration;
			buildSettings = {
				ALWAYS_SEARCH_USER_PATHS = NO;
				CLANG_ANALYZER_NONNULL = YES;
				CLANG_CXX_LANGUAGE_STANDARD = "gnu++0x";
				CLANG_CXX_LIBRARY = "libc++";
				CLANG_ENABLE_MODULES = YES;
				CLANG_ENABLE_OBJC_ARC = YES;
				CLANG_WARN_BOOL_CONVERSION = YES;
				CLANG_WARN_CONSTANT_CONVERSION = YES;
				CLANG_WARN_DIRECT_OBJC_ISA_USAGE = YES_ERROR;
				CLANG_WARN_DOCUMENTATION_COMMENTS = YES;
				CLANG_WARN_EMPTY_BODY = YES;
				CLANG_WARN_ENUM_CONVERSION = YES;
				CLANG_WARN_INFINITE_RECURSION = YES;
				CLANG_WARN_INT_CONVERSION = YES;
				CLANG_WARN_OBJC_ROOT_CLASS = YES_ERROR;
				CLANG_WARN_SUSPICIOUS_MOVE = YES;
				CLANG_WARN_UNREACHABLE_CODE = YES;
				CLANG_WARN__DUPLICATE_METHOD_MATCH = YES;
				"CODE_SIGN_IDENTITY[sdk=iphoneos*]" = "iPhone Developer";
				COPY_PHASE_STRIP = NO;
				DEBUG_INFORMATION_FORMAT = dwarf;
				ENABLE_STRICT_OBJC_MSGSEND = YES;
				ENABLE_TESTABILITY = YES;
				GCC_C_LANGUAGE_STANDARD = gnu99;
				GCC_DYNAMIC_NO_PIC = NO;
				GCC_NO_COMMON_BLOCKS = YES;
				GCC_OPTIMIZATION_LEVEL = 0;
				GCC_PREPROCESSOR_DEFINITIONS = (
					"DEBUG=1",
					"$(inherited)",
				);
				GCC_WARN_64_TO_32_BIT_CONVERSION = YES;
				GCC_WARN_ABOUT_RETURN_TYPE = YES_ERROR;
				GCC_WARN_UNDECLARED_SELECTOR = YES;
				GCC_WARN_UNINITIALIZED_AUTOS = YES_AGGRESSIVE;
				GCC_WARN_UNUSED_FUNCTION = YES;
				GCC_WARN_UNUSED_VARIABLE = YES;
				IPHONEOS_DEPLOYMENT_TARGET = 10.2;
				MTL_ENABLE_DEBUG_INFO = YES;
				ONLY_ACTIVE_ARCH = YES;
				SDKROOT = iphoneos;
				SWIFT_ACTIVE_COMPILATION_CONDITIONS = DEBUG;
				SWIFT_OPTIMIZATION_LEVEL = "-Onone";
			};
			name = Debug;
		};
		6D31FD571E7310C10038A7CE /* Release */ = {
			isa = XCBuildConfiguration;
			buildSettings = {
				ALWAYS_SEARCH_USER_PATHS = NO;
				CLANG_ANALYZER_NONNULL = YES;
				CLANG_CXX_LANGUAGE_STANDARD = "gnu++0x";
				CLANG_CXX_LIBRARY = "libc++";
				CLANG_ENABLE_MODULES = YES;
				CLANG_ENABLE_OBJC_ARC = YES;
				CLANG_WARN_BOOL_CONVERSION = YES;
				CLANG_WARN_CONSTANT_CONVERSION = YES;
				CLANG_WARN_DIRECT_OBJC_ISA_USAGE = YES_ERROR;
				CLANG_WARN_DOCUMENTATION_COMMENTS = YES;
				CLANG_WARN_EMPTY_BODY = YES;
				CLANG_WARN_ENUM_CONVERSION = YES;
				CLANG_WARN_INFINITE_RECURSION = YES;
				CLANG_WARN_INT_CONVERSION = YES;
				CLANG_WARN_OBJC_ROOT_CLASS = YES_ERROR;
				CLANG_WARN_SUSPICIOUS_MOVE = YES;
				CLANG_WARN_UNREACHABLE_CODE = YES;
				CLANG_WARN__DUPLICATE_METHOD_MATCH = YES;
				"CODE_SIGN_IDENTITY[sdk=iphoneos*]" = "iPhone Developer";
				COPY_PHASE_STRIP = NO;
				DEBUG_INFORMATION_FORMAT = "dwarf-with-dsym";
				ENABLE_NS_ASSERTIONS = NO;
				ENABLE_STRICT_OBJC_MSGSEND = YES;
				GCC_C_LANGUAGE_STANDARD = gnu99;
				GCC_NO_COMMON_BLOCKS = YES;
				GCC_WARN_64_TO_32_BIT_CONVERSION = YES;
				GCC_WARN_ABOUT_RETURN_TYPE = YES_ERROR;
				GCC_WARN_UNDECLARED_SELECTOR = YES;
				GCC_WARN_UNINITIALIZED_AUTOS = YES_AGGRESSIVE;
				GCC_WARN_UNUSED_FUNCTION = YES;
				GCC_WARN_UNUSED_VARIABLE = YES;
				IPHONEOS_DEPLOYMENT_TARGET = 10.2;
				MTL_ENABLE_DEBUG_INFO = NO;
				SDKROOT = iphoneos;
				SWIFT_OPTIMIZATION_LEVEL = "-Owholemodule";
				VALIDATE_PRODUCT = YES;
			};
			name = Release;
		};
		6D31FD591E7310C10038A7CE /* Debug */ = {
			isa = XCBuildConfiguration;
			buildSettings = {
				ASSETCATALOG_COMPILER_APPICON_NAME = AppIcon;
				DEVELOPMENT_TEAM = 3YTGRA6MV9;
				INFOPLIST_FILE = WebHooks/Info.plist;
				LD_RUNPATH_SEARCH_PATHS = "$(inherited) @executable_path/Frameworks";
				PRODUCT_BUNDLE_IDENTIFIER = com.stash.WebHooks;
				PRODUCT_NAME = "$(TARGET_NAME)";
				SWIFT_VERSION = 3.0;
			};
			name = Debug;
		};
		6D31FD5A1E7310C10038A7CE /* Release */ = {
			isa = XCBuildConfiguration;
			buildSettings = {
				ASSETCATALOG_COMPILER_APPICON_NAME = AppIcon;
				DEVELOPMENT_TEAM = 3YTGRA6MV9;
				INFOPLIST_FILE = WebHooks/Info.plist;
				LD_RUNPATH_SEARCH_PATHS = "$(inherited) @executable_path/Frameworks";
				PRODUCT_BUNDLE_IDENTIFIER = com.stash.WebHooks;
				PRODUCT_NAME = "$(TARGET_NAME)";
				SWIFT_VERSION = 3.0;
			};
			name = Release;
		};
		6D31FD5C1E7310C10038A7CE /* Debug */ = {
			isa = XCBuildConfiguration;
			buildSettings = {
				ALWAYS_EMBED_SWIFT_STANDARD_LIBRARIES = YES;
				BUNDLE_LOADER = "$(TEST_HOST)";
				DEVELOPMENT_TEAM = 3YTGRA6MV9;
				INFOPLIST_FILE = WebHooksTests/Info.plist;
				LD_RUNPATH_SEARCH_PATHS = "$(inherited) @executable_path/Frameworks @loader_path/Frameworks";
				PRODUCT_BUNDLE_IDENTIFIER = com.stash.WebHooksTests;
				PRODUCT_NAME = "$(TARGET_NAME)";
				SWIFT_VERSION = 3.0;
				TEST_HOST = "$(BUILT_PRODUCTS_DIR)/WebHooks.app/WebHooks";
			};
			name = Debug;
		};
		6D31FD5D1E7310C10038A7CE /* Release */ = {
			isa = XCBuildConfiguration;
			buildSettings = {
				ALWAYS_EMBED_SWIFT_STANDARD_LIBRARIES = YES;
				BUNDLE_LOADER = "$(TEST_HOST)";
				DEVELOPMENT_TEAM = 3YTGRA6MV9;
				INFOPLIST_FILE = WebHooksTests/Info.plist;
				LD_RUNPATH_SEARCH_PATHS = "$(inherited) @executable_path/Frameworks @loader_path/Frameworks";
				PRODUCT_BUNDLE_IDENTIFIER = com.stash.WebHooksTests;
				PRODUCT_NAME = "$(TARGET_NAME)";
				SWIFT_VERSION = 3.0;
				TEST_HOST = "$(BUILT_PRODUCTS_DIR)/WebHooks.app/WebHooks";
			};
			name = Release;
		};
/* End XCBuildConfiguration section */

/* Begin XCConfigurationList section */
		6D31FD361E7310C00038A7CE /* Build configuration list for PBXProject "WebHooks" */ = {
			isa = XCConfigurationList;
			buildConfigurations = (
				6D31FD561E7310C10038A7CE /* Debug */,
				6D31FD571E7310C10038A7CE /* Release */,
			);
			defaultConfigurationIsVisible = 0;
			defaultConfigurationName = Release;
		};
		6D31FD581E7310C10038A7CE /* Build configuration list for PBXNativeTarget "WebHooks" */ = {
			isa = XCConfigurationList;
			buildConfigurations = (
				6D31FD591E7310C10038A7CE /* Debug */,
				6D31FD5A1E7310C10038A7CE /* Release */,
			);
			defaultConfigurationIsVisible = 0;
		};
		6D31FD5B1E7310C10038A7CE /* Build configuration list for PBXNativeTarget "WebHooksTests" */ = {
			isa = XCConfigurationList;
			buildConfigurations = (
				6D31FD5C1E7310C10038A7CE /* Debug */,
				6D31FD5D1E7310C10038A7CE /* Release */,
			);
			defaultConfigurationIsVisible = 0;
		};
/* End XCConfigurationList section */
	};
	rootObject = 6D31FD331E7310C00038A7CE /* Project object */;
}
